# THIS IS AN AUTOGENERATED FILE. DO NOT EDIT THIS FILE DIRECTLY.
# yarn lockfile v1


ajv@^5.0.0:
  version "5.2.2"
  resolved "https://registry.yarnpkg.com/ajv/-/ajv-5.2.2.tgz#47c68d69e86f5d953103b0074a9430dc63da5e39"
  dependencies:
    co "^4.6.0"
    fast-deep-equal "^1.0.0"
    json-schema-traverse "^0.3.0"
    json-stable-stringify "^1.0.1"

almond@~0.3.1:
  version "0.3.3"
  resolved "https://registry.yarnpkg.com/almond/-/almond-0.3.3.tgz#a0e7c95ac7624d6417b4494b1e68bff693168a20"

big.js@^3.1.3:
  version "3.1.3"
  resolved "https://registry.yarnpkg.com/big.js/-/big.js-3.1.3.tgz#4cada2193652eb3ca9ec8e55c9015669c9806978"

bootstrap@^3.0.0, bootstrap@^3.3.7:
  version "3.3.7"
  resolved "https://registry.yarnpkg.com/bootstrap/-/bootstrap-3.3.7.tgz#5a389394549f23330875a3b150656574f8a9eb71"

bxslider@^4.2.11:
  version "4.2.11"
  resolved "https://registry.yarnpkg.com/bxslider/-/bxslider-4.2.11.tgz#1cd3cd76ee40fc1918af9d228de591fb638d85a5"

co@^4.6.0:
  version "4.6.0"
  resolved "https://registry.yarnpkg.com/co/-/co-4.6.0.tgz#6ea6bdf3d853ae54ccb8e47bfa0bf3f9031fb184"

codemirror-spell-checker@*:
  version "1.1.2"
  resolved "https://registry.yarnpkg.com/codemirror-spell-checker/-/codemirror-spell-checker-1.1.2.tgz#1c660f9089483ccb5113b9ba9ca19c3f4993371e"
  dependencies:
    typo-js "*"

codemirror@*:
  version "5.28.0"
  resolved "https://registry.yarnpkg.com/codemirror/-/codemirror-5.28.0.tgz#2978d9280d671351a4f5737d06bbd681a0fd6f83"

emojis-list@^2.0.0:
  version "2.1.0"
  resolved "https://registry.yarnpkg.com/emojis-list/-/emojis-list-2.1.0.tgz#4daa4d9db00f9819880c79fa457ae5b09a1fd389"

fast-deep-equal@^1.0.0:
  version "1.0.0"
  resolved "https://registry.yarnpkg.com/fast-deep-equal/-/fast-deep-equal-1.0.0.tgz#96256a3bc975595eb36d82e9929d060d893439ff"

jquery-form-validator@^2.3.74:
  version "2.3.74"
  resolved "https://registry.yarnpkg.com/jquery-form-validator/-/jquery-form-validator-2.3.74.tgz#2d75a93dc441456581138051157baeadf18946ae"
  dependencies:
    jquery ">1.8.0"

jquery-mousewheel@~3.1.13:
  version "3.1.13"
  resolved "https://registry.yarnpkg.com/jquery-mousewheel/-/jquery-mousewheel-3.1.13.tgz#06f0335f16e353a695e7206bf50503cb523a6ee5"

jquery@>1.8.0, jquery@>=1.8.3:
  version "3.2.1"
  resolved "https://registry.yarnpkg.com/jquery/-/jquery-3.2.1.tgz#5c4d9de652af6cd0a770154a631bba12b015c787"

jquery@^1.9.0:
  version "1.12.4"
  resolved "https://registry.yarnpkg.com/jquery/-/jquery-1.12.4.tgz#01e1dfba290fe73deba77ceeacb0f9ba2fec9e0c"

json-schema-traverse@^0.3.0:
  version "0.3.1"
  resolved "https://registry.yarnpkg.com/json-schema-traverse/-/json-schema-traverse-0.3.1.tgz#349a6d44c53a51de89b40805c5d5e59b417d3340"

json-stable-stringify@^1.0.1:
  version "1.0.1"
  resolved "https://registry.yarnpkg.com/json-stable-stringify/-/json-stable-stringify-1.0.1.tgz#9a759d39c5f2ff503fd5300646ed445f88c4f9af"
  dependencies:
    jsonify "~0.0.0"

json5@^0.5.0:
  version "0.5.1"
  resolved "https://registry.yarnpkg.com/json5/-/json5-0.5.1.tgz#1eade7acc012034ad84e2396767ead9fa5495821"

jsonify@~0.0.0:
  version "0.0.0"
  resolved "https://registry.yarnpkg.com/jsonify/-/jsonify-0.0.0.tgz#2c74b6ee41d93ca51b7b5aaee8f503631d252a73"

loader-utils@^1.0.2:
  version "1.1.0"
  resolved "https://registry.yarnpkg.com/loader-utils/-/loader-utils-1.1.0.tgz#c98aef488bcceda2ffb5e2de646d6a754429f5cd"
  dependencies:
    big.js "^3.1.3"
    emojis-list "^2.0.0"
    json5 "^0.5.0"

marked@*:
  version "0.7.0"
  resolved "https://registry.yarnpkg.com/marked/-/marked-0.7.0.tgz#b64201f051d271b1edc10a04d1ae9b74bb8e5c0e"

moment@^2.18.1:
  version "2.18.1"
  resolved "https://registry.yarnpkg.com/moment/-/moment-2.18.1.tgz#c36193dd3ce1c2eed2adb7c802dbbc77a81b1c0f"

node-ensure@^0.0.0:
  version "0.0.0"
  resolved "https://registry.yarnpkg.com/node-ensure/-/node-ensure-0.0.0.tgz#ecae764150de99861ec5c810fd5d096b183932a7"

owl.carousel@^2.2.0:
  version "2.2.0"
  resolved "https://registry.yarnpkg.com/owl.carousel/-/owl.carousel-2.2.0.tgz#f3598d01e60757bc107b2b3c61231b1140cf360c"
  dependencies:
    jquery ">=1.8.3"

pdfjs-dist@^1.8.579:
  version "1.8.579"
  resolved "https://registry.yarnpkg.com/pdfjs-dist/-/pdfjs-dist-1.8.579.tgz#8b631849a604936670c0af91d3665d72c65f8ef4"
  dependencies:
    node-ensure "^0.0.0"
    worker-loader "^0.8.0"

propellerkit@^1.1.0:
  version "1.1.0"
  resolved "https://registry.yarnpkg.com/propellerkit/-/propellerkit-1.1.0.tgz#dc86c58dab494b54db9fe0e4a22f75206a13909d"
  dependencies:
    bootstrap "^3.0.0"
    jquery "^1.9.0"

schema-utils@^0.3.0:
  version "0.3.0"
  resolved "https://registry.yarnpkg.com/schema-utils/-/schema-utils-0.3.0.tgz#f5877222ce3e931edae039f17eb3716e7137f8cf"
  dependencies:
    ajv "^5.0.0"

select2-bootstrap-theme@^0.1.0-beta.10:
  version "0.1.0-beta.10"
  resolved "https://registry.yarnpkg.com/select2-bootstrap-theme/-/select2-bootstrap-theme-0.1.0-beta.10.tgz#b9426ecfc03bf4a235e76a132377574310469ac0"

select2@^4.0.3:
  version "4.0.3"
  resolved "https://registry.yarnpkg.com/select2/-/select2-4.0.3.tgz#207733fe91eacb9cb1a13f12463401f472449e0f"
  dependencies:
    almond "~0.3.1"
    jquery-mousewheel "~3.1.13"

simplemde@^1.11.2:
  version "1.11.2"
  resolved "https://registry.yarnpkg.com/simplemde/-/simplemde-1.11.2.tgz#a23a35d978d2c40ef07dec008c92f070d8e080e3"
  dependencies:
    codemirror "*"
    codemirror-spell-checker "*"
    marked "*"

typo-js@*:
  version "1.0.3"
  resolved "https://registry.yarnpkg.com/typo-js/-/typo-js-1.0.3.tgz#54d8ebc7949f1a7810908b6002c6841526c99d5a"

worker-loader@^0.8.0:
  version "0.8.1"
  resolved "https://registry.yarnpkg.com/worker-loader/-/worker-loader-0.8.1.tgz#e8e995331ea34df5bf68296824bfb7f0ad578d43"
  dependencies:
    loader-utils "^1.0.2"
    schema-utils "^0.3.0"
